
Microsoft Visual Studio Solution File, Format Version 12.00
# Visual Studio Version 16
VisualStudioVersion = 16.0.31205.134
MinimumVisualStudioVersion = 10.0.40219.1
Project("{FAE04EC0-301F-11D3-BF4B-00C04F79EFBC}") = "HastaneOtomasyonu", "HastaneOtomasyonu\HastaneOtomasyonu.csproj", "{1A724DBC-2D17-405F-8EC0-F7CAD12322FF}"
EndProject
Global
	GlobalSection(SolutionConfigurationPlatforms) = preSolution
		Debug|Any CPU = Debug|Any CPU
		Release|Any CPU = Release|Any CPU
	EndGlobalSection
	GlobalSection(ProjectConfigurationPlatforms) = postSolution
		{1A724DBC-2D17-405F-8EC0-F7CAD12322FF}.Debug|Any CPU.ActiveCfg = Debug|Any CPU
		{1A724DBC-2D17-405F-8EC0-F7CAD12322FF}.Debug|Any CPU.Build.0 = Debug|Any CPU
		{1A724DBC-2D17-405F-8EC0-F7CAD12322FF}.Release|Any CPU.ActiveCfg = Release|Any CPU
		{1A724DBC-2D17-405F-8EC0-F7CAD12322FF}.Release|Any CPU.Build.0 = Release|Any CPU
	EndGlobalSection
	GlobalSection(SolutionProperties) = preSolution
		HideSolutionNode = FALSE
	EndGlobalSection
	GlobalSection(ExtensibilityGlobals) = postSolution
		SolutionGuid = {8C3AC404-13C0-4A93-B4F7-CE8BC831B283}
	EndGlobalSection
EndGlobal
